PODS:
  - AFNetworking (3.1.0):
    - AFNetworking/NSURLSession (= 3.1.0)
    - AFNetworking/Reachability (= 3.1.0)
    - AFNetworking/Security (= 3.1.0)
    - AFNetworking/Serialization (= 3.1.0)
    - AFNetworking/UIKit (= 3.1.0)
  - AFNetworking/NSURLSession (3.1.0):
    - AFNetworking/Reachability
    - AFNetworking/Security
    - AFNetworking/Serialization
  - AFNetworking/Reachability (3.1.0)
  - AFNetworking/Security (3.1.0)
  - AFNetworking/Serialization (3.1.0)
  - AFNetworking/UIKit (3.1.0):
    - AFNetworking/NSURLSession
  - CocoaAsyncSocket (7.4.3):
    - CocoaAsyncSocket/All (= 7.4.3)
  - CocoaAsyncSocket/All (7.4.3):
    - CocoaAsyncSocket/GCD
    - CocoaAsyncSocket/RunLoop
  - CocoaAsyncSocket/GCD (7.4.3)
  - CocoaAsyncSocket/RunLoop (7.4.3)
  - CocoaLumberjack (1.9.2):
    - CocoaLumberjack/Extensions (= 1.9.2)
  - CocoaLumberjack/Core (1.9.2)
  - CocoaLumberjack/Extensions (1.9.2):
    - CocoaLumberjack/Core
  - Colours (5.13.0):
    - Colours/ObjC (= 5.13.0)
  - Colours/ObjC (5.13.0)
  - ComponentKit (0.14)
  - CRMediaPickerController (0.0.1)
  - DXTableViewModel (0.1.0)
  - FMDB (2.6.2):
    - FMDB/standard (= 2.6.2)
  - FMDB/standard (2.6.2)
  - JSQMessagesViewController (7.2.0):
    - JSQSystemSoundPlayer (~> 2.0.1)
  - JSQSystemSoundPlayer (2.0.1)
  - leveldb-library (1.18.2)
  - libPhoneNumber-iOS (0.8.16)
  - NSHash (1.0.2)
  - NYXImagesKit (2.3)
  - Objective-LevelDB (2.1.5):
    - leveldb-library (~> 1.18.2)
  - ObjectiveSugar (1.1.0)
  - OpenCV (3.1.0.1)
  - RegexKitLite (4.0)
  - SVWebViewController (1.0)
  - UIImage-Categories (1.0.0)
  - XMPPFramework (3.6.6):
    - XMPPFramework/Authentication (= 3.6.6)
    - XMPPFramework/BandwidthMonitor (= 3.6.6)
    - XMPPFramework/Categories (= 3.6.6)
    - XMPPFramework/Core (= 3.6.6)
    - XMPPFramework/CoreDataStorage (= 3.6.6)
    - XMPPFramework/GoogleSharedStatus (= 3.6.6)
    - XMPPFramework/KissXML (= 3.6.6)
    - XMPPFramework/ProcessOne (= 3.6.6)
    - XMPPFramework/Reconnect (= 3.6.6)
    - XMPPFramework/Roster (= 3.6.6)
    - XMPPFramework/SystemInputActivityMonitor (= 3.6.6)
    - XMPPFramework/Utilities (= 3.6.6)
    - XMPPFramework/XEP-0009 (= 3.6.6)
    - XMPPFramework/XEP-0012 (= 3.6.6)
    - XMPPFramework/XEP-0016 (= 3.6.6)
    - XMPPFramework/XEP-0045 (= 3.6.6)
    - XMPPFramework/XEP-0054 (= 3.6.6)
    - XMPPFramework/XEP-0059 (= 3.6.6)
    - XMPPFramework/XEP-0060 (= 3.6.6)
    - XMPPFramework/XEP-0065 (= 3.6.6)
    - XMPPFramework/XEP-0066 (= 3.6.6)
    - XMPPFramework/XEP-0082 (= 3.6.6)
    - XMPPFramework/XEP-0085 (= 3.6.6)
    - XMPPFramework/XEP-0092 (= 3.6.6)
    - XMPPFramework/XEP-0100 (= 3.6.6)
    - XMPPFramework/XEP-0106 (= 3.6.6)
    - XMPPFramework/XEP-0115 (= 3.6.6)
    - XMPPFramework/XEP-0136 (= 3.6.6)
    - XMPPFramework/XEP-0153 (= 3.6.6)
    - XMPPFramework/XEP-0172 (= 3.6.6)
    - XMPPFramework/XEP-0184 (= 3.6.6)
    - XMPPFramework/XEP-0191 (= 3.6.6)
    - XMPPFramework/XEP-0198 (= 3.6.6)
    - XMPPFramework/XEP-0199 (= 3.6.6)
    - XMPPFramework/XEP-0202 (= 3.6.6)
    - XMPPFramework/XEP-0203 (= 3.6.6)
    - XMPPFramework/XEP-0223 (= 3.6.6)
    - XMPPFramework/XEP-0224 (= 3.6.6)
    - XMPPFramework/XEP-0280 (= 3.6.6)
    - XMPPFramework/XEP-0297 (= 3.6.6)
    - XMPPFramework/XEP-0308 (= 3.6.6)
    - XMPPFramework/XEP-0333 (= 3.6.6)
    - XMPPFramework/XEP-0335 (= 3.6.6)
  - XMPPFramework/Authentication (3.6.6):
    - XMPPFramework/Core
  - XMPPFramework/BandwidthMonitor (3.6.6):
    - XMPPFramework/Core
  - XMPPFramework/Categories (3.6.6):
    - XMPPFramework/Core
  - XMPPFramework/Core (3.6.6):
    - CocoaAsyncSocket (~> 7.4.1)
    - CocoaLumberjack (~> 1.9)
    - XMPPFramework/KissXML
  - XMPPFramework/CoreDataStorage (3.6.6):
    - XMPPFramework/Core
  - XMPPFramework/GoogleSharedStatus (3.6.6):
    - XMPPFramework/Core
  - XMPPFramework/KissXML (3.6.6)
  - XMPPFramework/ProcessOne (3.6.6):
    - XMPPFramework/Core
  - XMPPFramework/Reconnect (3.6.6):
    - XMPPFramework/Core
  - XMPPFramework/Roster (3.6.6):
    - XMPPFramework/Core
    - XMPPFramework/CoreDataStorage
  - XMPPFramework/SystemInputActivityMonitor (3.6.6):
    - XMPPFramework/Core
  - XMPPFramework/Utilities (3.6.6):
    - XMPPFramework/Core
  - XMPPFramework/XEP-0009 (3.6.6):
    - XMPPFramework/Core
  - XMPPFramework/XEP-0012 (3.6.6):
    - XMPPFramework/Core
  - XMPPFramework/XEP-0016 (3.6.6):
    - XMPPFramework/Core
  - XMPPFramework/XEP-0045 (3.6.6):
    - XMPPFramework/Core
    - XMPPFramework/CoreDataStorage
    - XMPPFramework/XEP-0203
  - XMPPFramework/XEP-0054 (3.6.6):
    - XMPPFramework/Core
    - XMPPFramework/Roster
  - XMPPFramework/XEP-0059 (3.6.6):
    - XMPPFramework/Core
  - XMPPFramework/XEP-0060 (3.6.6):
    - XMPPFramework/Core
  - XMPPFramework/XEP-0065 (3.6.6):
    - XMPPFramework/Core
  - XMPPFramework/XEP-0066 (3.6.6):
    - XMPPFramework/Core
  - XMPPFramework/XEP-0082 (3.6.6):
    - XMPPFramework/Core
  - XMPPFramework/XEP-0085 (3.6.6):
    - XMPPFramework/Core
  - XMPPFramework/XEP-0092 (3.6.6):
    - XMPPFramework/Core
  - XMPPFramework/XEP-0100 (3.6.6):
    - XMPPFramework/Core
  - XMPPFramework/XEP-0106 (3.6.6):
    - XMPPFramework/Core
  - XMPPFramework/XEP-0115 (3.6.6):
    - XMPPFramework/Core
    - XMPPFramework/CoreDataStorage
  - XMPPFramework/XEP-0136 (3.6.6):
    - XMPPFramework/CoreDataStorage
    - XMPPFramework/XEP-0085
    - XMPPFramework/XEP-0203
  - XMPPFramework/XEP-0153 (3.6.6):
    - XMPPFramework/Core
    - XMPPFramework/XEP-0054
  - XMPPFramework/XEP-0172 (3.6.6):
    - XMPPFramework/Core
  - XMPPFramework/XEP-0184 (3.6.6):
    - XMPPFramework/Core
  - XMPPFramework/XEP-0191 (3.6.6):
    - XMPPFramework/Core
  - XMPPFramework/XEP-0198 (3.6.6):
    - XMPPFramework/Core
  - XMPPFramework/XEP-0199 (3.6.6):
    - XMPPFramework/Core
  - XMPPFramework/XEP-0202 (3.6.6):
    - XMPPFramework/Core
    - XMPPFramework/XEP-0082
  - XMPPFramework/XEP-0203 (3.6.6):
    - XMPPFramework/Core
    - XMPPFramework/XEP-0082
  - XMPPFramework/XEP-0223 (3.6.6):
    - XMPPFramework/Core
  - XMPPFramework/XEP-0224 (3.6.6):
    - XMPPFramework/Core
  - XMPPFramework/XEP-0280 (3.6.6):
    - XMPPFramework/Core
  - XMPPFramework/XEP-0297 (3.6.6):
    - XMPPFramework/Core
    - XMPPFramework/XEP-0203
  - XMPPFramework/XEP-0308 (3.6.6):
    - XMPPFramework/Core
  - XMPPFramework/XEP-0333 (3.6.6):
    - XMPPFramework/Core
  - XMPPFramework/XEP-0335 (3.6.6):
    - XMPPFramework/Core

DEPENDENCIES:
  - AFNetworking (~> 3.0)
  - Colours
  - ComponentKit (~> 0.14)
  - CRMediaPickerController
  - DXTableViewModel (~> 0.1.0)
  - FMDB
  - JSQMessagesViewController (from `git@nova1.revalead.com:dyl/ringmail-ios-jsqmessages.git`,
    branch `ringmail`)
  - libPhoneNumber-iOS (~> 0.8)
  - NSHash (~> 1.0.2)
  - NYXImagesKit
  - Objective-LevelDB
  - ObjectiveSugar
  - OpenCV
  - RegexKitLite
  - SVWebViewController (from `git@nova1.revalead.com:ringmail/svwebviewcontroller.git`,
    tag `1.1`)
  - UIImage-Categories (from `https://github.com/nixonnixon/UIImage-Categories.git`)
  - XMPPFramework

EXTERNAL SOURCES:
  JSQMessagesViewController:
    :branch: ringmail
    :git: git@nova1.revalead.com:dyl/ringmail-ios-jsqmessages.git
  SVWebViewController:
    :git: git@nova1.revalead.com:ringmail/svwebviewcontroller.git
    :tag: '1.1'
  UIImage-Categories:
    :git: https://github.com/nixonnixon/UIImage-Categories.git

CHECKOUT OPTIONS:
  JSQMessagesViewController:
    :commit: 08356e2f7edabf995840291f3b94844c94f376ba
    :git: git@nova1.revalead.com:dyl/ringmail-ios-jsqmessages.git
  SVWebViewController:
    :git: git@nova1.revalead.com:ringmail/svwebviewcontroller.git
    :tag: '1.1'
  UIImage-Categories:
    :commit: 7d98f1c9c8a3217584fd797771dae199cb8eeb65
    :git: https://github.com/nixonnixon/UIImage-Categories.git

SPEC CHECKSUMS:
  AFNetworking: 5e0e199f73d8626b11e79750991f5d173d1f8b67
  CocoaAsyncSocket: a18c75dca4b08723628a0bacca6e94803d90be91
  CocoaLumberjack: 628fca2e88ef06f7cf6817309aa405f325d9a6fa
  Colours: f24220c38f13deac88612667e9b4a7fb96b871d4
  ComponentKit: 11d9177b5e9940c456e7486d8f5a25c26d9ca5f2
  CRMediaPickerController: 65e1f968dea26a7759bb1fb4a1518f5b8cd6fba9
  DXTableViewModel: 27583f277f94e3ad5ffb0575cd84c39918319aa6
  FMDB: 854a0341b4726e53276f2a8996f06f1b80f9259a
  JSQMessagesViewController: 73cab48aa92fc2d512f3b6724f3425cc47a19eb5
  JSQSystemSoundPlayer: c5850e77a4363ffd374cd851154b9af93264ed8d
  leveldb-library: ef0453697c0fda3a9e550e5650e52976e6724548
  libPhoneNumber-iOS: acb5805f67892db37adc3440290a367923672b51
  NSHash: 173d9782d4b7dec17bf32f22d8ab203c88655a04
  NYXImagesKit: 8163e3335a40eaa173ca5bbbf81fafb57d3947eb
  Objective-LevelDB: fa075efd9d0be645aee51847cc3ee70cdadb80ce
  ObjectiveSugar: a6a25f23d657c19df0a0b972466d5b5ca9f5295c
  OpenCV: 41c4250e2b06a394d6fbb634b5fa622cdd846018
  RegexKitLite: c0e4c12e6e7de0769f3a3ed679f0f61604170661
  SVWebViewController: aa2e18a41ff5f45be7aeec8e92ca5bcc50b5ebb1
  UIImage-Categories: b9d2ff50c2250ea007f150c2427ff230b5a4789b
  XMPPFramework: b06c210b0b71c08aa41a646bffd2021fa43bb43b

COCOAPODS: 0.39.0
