PODS:
  - JSQMessagesViewController (7.1.0):
    - JSQSystemSoundPlayer (~> 2.0.1)
  - JSQSystemSoundPlayer (2.0.1)
  - SVWebViewController (HEAD based on 1.0)

DEPENDENCIES:
  - JSQMessagesViewController
  - SVWebViewController (HEAD)

SPEC CHECKSUMS:
  JSQMessagesViewController: ca11f86fa68ca70835f05e169df9244147c1dc40
  JSQSystemSoundPlayer: c5850e77a4363ffd374cd851154b9af93264ed8d
  SVWebViewController: c36dda7326e81fcae0abf5d02bf7bbf7e41be901

COCOAPODS: 0.38.2
