PODS:
  - AFNetworking (3.1.0):
    - AFNetworking/NSURLSession (= 3.1.0)
    - AFNetworking/Reachability (= 3.1.0)
    - AFNetworking/Security (= 3.1.0)
    - AFNetworking/Serialization (= 3.1.0)
    - AFNetworking/UIKit (= 3.1.0)
  - AFNetworking/NSURLSession (3.1.0):
    - AFNetworking/Reachability
    - AFNetworking/Security
    - AFNetworking/Serialization
  - AFNetworking/Reachability (3.1.0)
  - AFNetworking/Security (3.1.0)
  - AFNetworking/Serialization (3.1.0)
  - AFNetworking/UIKit (3.1.0):
    - AFNetworking/NSURLSession
  - CLImageEditor/AllTools (0.1.8):
    - CLImageEditor/Core
    - CLImageEditor/EmoticonTool
    - CLImageEditor/ResizeTool
    - CLImageEditor/SplashTool
    - CLImageEditor/StickerTool
    - CLImageEditor/TextTool
  - CLImageEditor/Core (0.1.8)
  - CLImageEditor/EmoticonTool (0.1.8):
    - CLImageEditor/Core
  - CLImageEditor/ResizeTool (0.1.8):
    - CLImageEditor/Core
  - CLImageEditor/SplashTool (0.1.8):
    - CLImageEditor/Core
  - CLImageEditor/StickerTool (0.1.8):
    - CLImageEditor/Core
  - CLImageEditor/TextTool (0.1.8):
    - CLImageEditor/Core
  - CocoaAsyncSocket (7.6.0)
  - CocoaLumberjack (3.1.0):
    - CocoaLumberjack/Default (= 3.1.0)
    - CocoaLumberjack/Extensions (= 3.1.0)
  - CocoaLumberjack/Default (3.1.0)
  - CocoaLumberjack/Extensions (3.1.0):
    - CocoaLumberjack/Default
  - Colours (5.13.0):
    - Colours/ObjC (= 5.13.0)
  - Colours/ObjC (5.13.0)
  - ComponentKit (0.15.1)
  - CRMediaPickerController (0.0.1)
  - DXTableViewModel (0.1.0)
  - FMDB (2.6.2):
    - FMDB/standard (= 2.6.2)
  - FMDB/standard (2.6.2)
  - JSQMessagesViewController (7.2.0):
    - JSQSystemSoundPlayer (~> 2.0.1)
  - JSQSystemSoundPlayer (2.0.1)
  - KissXML (5.2.0)
  - leveldb-library (1.18.2)
  - libidn (1.33)
  - libPhoneNumber-iOS (0.9.4)
  - LLSimpleCamera (5.0.0)
  - NSHash (1.0.2)
  - NYXImagesKit (2.3)
  - Objective-LevelDB (2.1.5):
    - leveldb-library (~> 1.18.2)
  - ObjectiveSugar (1.1.0)
  - OpenCV (3.1.0.1)
  - RegexKitLite (4.0)
  - SDWebImage (3.8.2):
    - SDWebImage/Core (= 3.8.2)
  - SDWebImage/Core (3.8.2)
  - SVWebViewController (1.0)
  - UIImage-Categories (1.0.0)
  - XMPPFramework (3.7.0):
    - CocoaAsyncSocket (~> 7.6.0)
    - CocoaLumberjack
    - KissXML (~> 5.2.0)
    - libidn (~> 1.33.0)

DEPENDENCIES:
  - AFNetworking (~> 3.0)
  - CLImageEditor/AllTools
  - CocoaLumberjack
  - Colours
  - ComponentKit (from `https://github.com/facebook/componentkit.git`, tag `0.15.1`)
  - CRMediaPickerController
  - DXTableViewModel (~> 0.1.0)
  - FMDB
  - JSQMessagesViewController (from `git@nova1.revalead.com:dyl/ringmail-ios-jsqmessages.git`, branch `ringmail`)
  - libPhoneNumber-iOS (~> 0.8)
  - LLSimpleCamera (from `https://github.com/omergul123/LLSimpleCamera.git`, tag `v5.0.0`)
  - NSHash (~> 1.0.2)
  - NYXImagesKit
  - Objective-LevelDB
  - ObjectiveSugar
  - OpenCV
  - RegexKitLite
  - SDWebImage (from `https://github.com/rs/SDWebImage.git`, tag `3.8.2`)
  - SVWebViewController (from `git@nova1.revalead.com:ringmail/svwebviewcontroller.git`, tag `1.1`)
  - UIImage-Categories (from `https://github.com/nixonnixon/UIImage-Categories.git`)
  - XMPPFramework (from `https://github.com/robbiehanson/XMPPFramework.git`, branch `master`)

EXTERNAL SOURCES:
  ComponentKit:
    :git: https://github.com/facebook/componentkit.git
    :tag: 0.15.1
  JSQMessagesViewController:
    :branch: ringmail
    :git: git@nova1.revalead.com:dyl/ringmail-ios-jsqmessages.git
  LLSimpleCamera:
    :git: https://github.com/omergul123/LLSimpleCamera.git
    :tag: v5.0.0
  SDWebImage:
    :git: https://github.com/rs/SDWebImage.git
    :tag: 3.8.2
  SVWebViewController:
    :git: git@nova1.revalead.com:ringmail/svwebviewcontroller.git
    :tag: '1.1'
  UIImage-Categories:
    :git: https://github.com/nixonnixon/UIImage-Categories.git
  XMPPFramework:
    :branch: master
    :git: https://github.com/robbiehanson/XMPPFramework.git

CHECKOUT OPTIONS:
  ComponentKit:
    :git: https://github.com/facebook/componentkit.git
    :tag: 0.15.1
  JSQMessagesViewController:
    :commit: 08356e2f7edabf995840291f3b94844c94f376ba
    :git: git@nova1.revalead.com:dyl/ringmail-ios-jsqmessages.git
  LLSimpleCamera:
    :git: https://github.com/omergul123/LLSimpleCamera.git
    :tag: v5.0.0
  SDWebImage:
    :git: https://github.com/rs/SDWebImage.git
    :tag: 3.8.2
  SVWebViewController:
    :git: git@nova1.revalead.com:ringmail/svwebviewcontroller.git
    :tag: '1.1'
  UIImage-Categories:
    :commit: 7d98f1c9c8a3217584fd797771dae199cb8eeb65
    :git: https://github.com/nixonnixon/UIImage-Categories.git
  XMPPFramework:
    :commit: b8300e8d77ddc154e7ed9c7e08c5c2af90455c28
    :git: https://github.com/robbiehanson/XMPPFramework.git

SPEC CHECKSUMS:
  AFNetworking: 5e0e199f73d8626b11e79750991f5d173d1f8b67
  CLImageEditor: 0d4d5a14aa317c097418b05b5736fec4b8a90dcf
  CocoaAsyncSocket: b9d5589f07baf9de8f34cc25abd4fcba28f13805
  CocoaLumberjack: 8311463ddf9ee86a06ef92a071dd656c89244500
  Colours: f24220c38f13deac88612667e9b4a7fb96b871d4
  ComponentKit: beef88630f344efb8344fe40fc6fc7c1732b68c8
  CRMediaPickerController: 65e1f968dea26a7759bb1fb4a1518f5b8cd6fba9
  DXTableViewModel: 27583f277f94e3ad5ffb0575cd84c39918319aa6
  FMDB: 854a0341b4726e53276f2a8996f06f1b80f9259a
  JSQMessagesViewController: 73cab48aa92fc2d512f3b6724f3425cc47a19eb5
  JSQSystemSoundPlayer: c5850e77a4363ffd374cd851154b9af93264ed8d
  KissXML: 1c1eeeb6b94e4522cd2f2373e5d0d03c9227738f
  leveldb-library: ef0453697c0fda3a9e550e5650e52976e6724548
  libidn: 90fc1a62b60288dcf543f13f4ebca913f17d829f
  libPhoneNumber-iOS: 63bab980d1fc9783d82d955800ac9d7c1d81fde3
  LLSimpleCamera: 7175ccb81be71c83d79933089322eb662b1f0327
  NSHash: 173d9782d4b7dec17bf32f22d8ab203c88655a04
  NYXImagesKit: 8163e3335a40eaa173ca5bbbf81fafb57d3947eb
  Objective-LevelDB: fa075efd9d0be645aee51847cc3ee70cdadb80ce
  ObjectiveSugar: a6a25f23d657c19df0a0b972466d5b5ca9f5295c
  OpenCV: 41c4250e2b06a394d6fbb634b5fa622cdd846018
  RegexKitLite: c0e4c12e6e7de0769f3a3ed679f0f61604170661
  SDWebImage: 098e97e6176540799c27e804c96653ee0833d13c
  SVWebViewController: aa2e18a41ff5f45be7aeec8e92ca5bcc50b5ebb1
  UIImage-Categories: b9d2ff50c2250ea007f150c2427ff230b5a4789b
  XMPPFramework: 544da7ab3faf7005de303708630a4e9741efb907

PODFILE CHECKSUM: 216560ed398242c66c995cd1e8a9b3fdccb49020

COCOAPODS: 1.2.0
